
Microsoft Visual Studio Solution File, Format Version 12.00
# Visual Studio Version 17
VisualStudioVersion = 17.6.33829.357
MinimumVisualStudioVersion = 10.0.40219.1
Project("{9A19103F-16F7-4668-BE54-9A1E7A4F7556}") = "gwp", "gwp\gwp.csproj", "{6C987875-8155-4B9D-8C9C-BCAFD724FEFE}"
EndProject
Project("{9A19103F-16F7-4668-BE54-9A1E7A4F7556}") = "gwp.Tests", "gwp.UnitTests\gwp.Tests.csproj", "{F48E6D0C-F5F4-4E62-B029-1FA1DBF15989}"
EndProject
Global
	GlobalSection(SolutionConfigurationPlatforms) = preSolution
		Debug|Any CPU = Debug|Any CPU
		Release|Any CPU = Release|Any CPU
	EndGlobalSection
	GlobalSection(ProjectConfigurationPlatforms) = postSolution
		{6C987875-8155-4B9D-8C9C-BCAFD724FEFE}.Debug|Any CPU.ActiveCfg = Debug|Any CPU
		{6C987875-8155-4B9D-8C9C-BCAFD724FEFE}.Debug|Any CPU.Build.0 = Debug|Any CPU
		{6C987875-8155-4B9D-8C9C-BCAFD724FEFE}.Release|Any CPU.ActiveCfg = Release|Any CPU
		{6C987875-8155-4B9D-8C9C-BCAFD724FEFE}.Release|Any CPU.Build.0 = Release|Any CPU
		{F48E6D0C-F5F4-4E62-B029-1FA1DBF15989}.Debug|Any CPU.ActiveCfg = Debug|Any CPU
		{F48E6D0C-F5F4-4E62-B029-1FA1DBF15989}.Debug|Any CPU.Build.0 = Debug|Any CPU
		{F48E6D0C-F5F4-4E62-B029-1FA1DBF15989}.Release|Any CPU.ActiveCfg = Release|Any CPU
		{F48E6D0C-F5F4-4E62-B029-1FA1DBF15989}.Release|Any CPU.Build.0 = Release|Any CPU
	EndGlobalSection
	GlobalSection(SolutionProperties) = preSolution
		HideSolutionNode = FALSE
	EndGlobalSection
	GlobalSection(ExtensibilityGlobals) = postSolution
		SolutionGuid = {990D49AC-9496-4D02-851C-2B4A1AFB976E}
	EndGlobalSection
EndGlobal
